{
  "requires": true,
  "lockfileVersion": 1,
  "dependencies": {
    "react-hook-form": {
      "version": "7.44.3",
      "resolved": "https://registry.npmjs.org/react-hook-form/-/react-hook-form-7.44.3.tgz",
      "integrity": "sha512-/tHId6p2ViAka1wECMw8FEPn/oz/w226zehHrJyQ1oIzCBNMIJCaj6ZkQcv+MjDxYh9MWR7RQic7Qqwe4a5nkw=="
    }
  }
}
